PODS:
  - youtube-ios-player-helper (0.1.6)

DEPENDENCIES:
  - youtube-ios-player-helper (~> 0.1)

SPEC REPOS:
  trunk:
    - youtube-ios-player-helper

SPEC CHECKSUMS:
  youtube-ios-player-helper: 21ab92db027c7ff86cb17a3843a3f6eafc8158d2

PODFILE CHECKSUM: ad6257ca6b94803e8f6be98640aeb6966f2b5e0c

COCOAPODS: 1.10.0
